
Microsoft Visual Studio Solution File, Format Version 12.00
# Visual Studio Version 17
VisualStudioVersion = 17.2.32519.379
MinimumVisualStudioVersion = 10.0.40219.1
Project("{FAE04EC0-301F-11D3-BF4B-00C04F79EFBC}") = "ProductAPI", "ProductAPI.csproj", "{A635B56E-2A75-48B3-BEAA-01F6E96A5186}"
EndProject
Global
	GlobalSection(SolutionConfigurationPlatforms) = preSolution
		Debug|Any CPU = Debug|Any CPU
		Release|Any CPU = Release|Any CPU
	EndGlobalSection
	GlobalSection(ProjectConfigurationPlatforms) = postSolution
		{A635B56E-2A75-48B3-BEAA-01F6E96A5186}.Debug|Any CPU.ActiveCfg = Debug|Any CPU
		{A635B56E-2A75-48B3-BEAA-01F6E96A5186}.Debug|Any CPU.Build.0 = Debug|Any CPU
		{A635B56E-2A75-48B3-BEAA-01F6E96A5186}.Release|Any CPU.ActiveCfg = Release|Any CPU
		{A635B56E-2A75-48B3-BEAA-01F6E96A5186}.Release|Any CPU.Build.0 = Release|Any CPU
	EndGlobalSection
	GlobalSection(SolutionProperties) = preSolution
		HideSolutionNode = FALSE
	EndGlobalSection
	GlobalSection(ExtensibilityGlobals) = postSolution
		SolutionGuid = {70F8EC88-7CBF-4B57-AABD-CD234006D302}
	EndGlobalSection
EndGlobal
